
Microsoft Visual Studio Solution File, Format Version 12.00
# Visual Studio Version 16
VisualStudioVersion = 16.0.31205.134
MinimumVisualStudioVersion = 10.0.40219.1
Project("{FAE04EC0-301F-11D3-BF4B-00C04F79EFBC}") = "Products", "Products\Products.csproj", "{838F00D6-B4A7-4E02-A6F5-8140509EA26D}"
EndProject
Global
	GlobalSection(SolutionConfigurationPlatforms) = preSolution
		Debug|Any CPU = Debug|Any CPU
		Release|Any CPU = Release|Any CPU
	EndGlobalSection
	GlobalSection(ProjectConfigurationPlatforms) = postSolution
		{838F00D6-B4A7-4E02-A6F5-8140509EA26D}.Debug|Any CPU.ActiveCfg = Debug|Any CPU
		{838F00D6-B4A7-4E02-A6F5-8140509EA26D}.Debug|Any CPU.Build.0 = Debug|Any CPU
		{838F00D6-B4A7-4E02-A6F5-8140509EA26D}.Release|Any CPU.ActiveCfg = Release|Any CPU
		{838F00D6-B4A7-4E02-A6F5-8140509EA26D}.Release|Any CPU.Build.0 = Release|Any CPU
	EndGlobalSection
	GlobalSection(SolutionProperties) = preSolution
		HideSolutionNode = FALSE
	EndGlobalSection
	GlobalSection(ExtensibilityGlobals) = postSolution
		SolutionGuid = {E4CA1658-8BDE-4E82-8DB1-D1934E78EE0A}
	EndGlobalSection
EndGlobal
